<?xml version="1.0" encoding="utf-8"?>
<Project ToolsVersion="4.0" xmlns="http://schemas.microsoft.com/developer/msbuild/2003">
  <ItemGroup>
    <Filter Include="源文件">
      <UniqueIdentifier>{4FC737F1-C7A5-4376-A066-2A32D752A2FF}</UniqueIdentifier>
      <Extensions>cpp;c;cc;cxx;c++;cppm;ixx;def;odl;idl;hpj;bat;asm;asmx</Extensions>
    </Filter>
    <Filter Include="头文件">
      <UniqueIdentifier>{93995380-89BD-4b04-88EB-625FBE52EBFB}</UniqueIdentifier>
      <Extensions>h;hh;hpp;hxx;h++;hm;inl;inc;ipp;xsd</Extensions>
    </Filter>
    <Filter Include="资源文件">
      <UniqueIdentifier>{67DA6AB6-F800-4c08-8B7A-83BB121AAD01}</UniqueIdentifier>
      <Extensions>rc;ico;cur;bmp;dlg;rc2;rct;bin;rgs;gif;jpg;jpeg;jpe;resx;tiff;tif;png;wav;mfcribbon-ms</Extensions>
    </Filter>
  </ItemGroup>
  <ItemGroup>
    <ClCompile Include="App\main.cpp">
      <Filter>源文件</Filter>
    </ClCompile>
    <ClCompile Include="HTTP\src\Server.cpp">
      <Filter>源文件</Filter>
    </ClCompile>
    <ClCompile Include="HTTP\src\AccountController.cpp">
      <Filter>源文件</Filter>
    </ClCompile>
    <ClCompile Include="Infrastructure\src\SimpleFileLoader.cpp">
      <Filter>源文件</Filter>
    </ClCompile>
    <ClCompile Include="HTTP\src\PreRouting.cpp">
      <Filter>源文件</Filter>
    </ClCompile>
  </ItemGroup>
  <ItemGroup>
    <None Include="Others\Tables.sql" />
    <None Include="Frontend\index.html" />
    <None Include="Frontend\css\styles.css" />
    <None Include="Frontend\js\index.js" />
    <None Include="Frontend\profile.html" />
    <None Include="Frontend\js\profile.js" />
    <None Include="Frontend\js\common.js" />
    <None Include="Frontend\login.html" />
    <None Include="Frontend\js\login.js" />
  </ItemGroup>
  <ItemGroup>
    <ClInclude Include="HTTP\include\Server.h">
      <Filter>头文件</Filter>
    </ClInclude>
    <ClInclude Include="HTTP\include\IService.h">
      <Filter>头文件</Filter>
    </ClInclude>
    <ClInclude Include="Infrastructure\include\Common.h">
      <Filter>头文件</Filter>
    </ClInclude>
    <ClInclude Include="HTTP\include\IFileLoader.h">
      <Filter>头文件</Filter>
    </ClInclude>
    <ClInclude Include="Infrastructure\include\SimpleFileLoader.h">
      <Filter>头文件</Filter>
    </ClInclude>
  </ItemGroup>
</Project>